
Microsoft Visual Studio Solution File, Format Version 12.00
# Visual Studio 15
VisualStudioVersion = 15.0.28307.852
MinimumVisualStudioVersion = 10.0.40219.1
Project("{9A19103F-16F7-4668-BE54-9A1E7A4F7556}") = "DanfeSharp", "DanfeSharp\DanfeSharp.csproj", "{3B92AA4E-B2F6-4CB0-83C7-F8DCFCCB22CB}"
EndProject
Project("{FAE04EC0-301F-11D3-BF4B-00C04F79EFBC}") = "DanfeSharp.Test", "DanfeSharp.Test\DanfeSharp.Test.csproj", "{1A33BF3B-7471-4293-9276-B73913B7F2F9}"
EndProject
Project("{FAE04EC0-301F-11D3-BF4B-00C04F79EFBC}") = "MonitorDanfe", "MonitorDanfe\MonitorDanfe.csproj", "{E13FFD76-91BC-4385-BF5D-45789E68BAA8}"
EndProject
Project("{FAE04EC0-301F-11D3-BF4B-00C04F79EFBC}") = "Model", "Model\Model.csproj", "{4E66E46D-030D-4DBC-8BF1-4EEB5FF0C0A3}"
EndProject
Global
	GlobalSection(SolutionConfigurationPlatforms) = preSolution
		Debug|Any CPU = Debug|Any CPU
		Release|Any CPU = Release|Any CPU
	EndGlobalSection
	GlobalSection(ProjectConfigurationPlatforms) = postSolution
		{3B92AA4E-B2F6-4CB0-83C7-F8DCFCCB22CB}.Debug|Any CPU.ActiveCfg = Debug|Any CPU
		{3B92AA4E-B2F6-4CB0-83C7-F8DCFCCB22CB}.Debug|Any CPU.Build.0 = Debug|Any CPU
		{3B92AA4E-B2F6-4CB0-83C7-F8DCFCCB22CB}.Release|Any CPU.ActiveCfg = Release|Any CPU
		{3B92AA4E-B2F6-4CB0-83C7-F8DCFCCB22CB}.Release|Any CPU.Build.0 = Release|Any CPU
		{1A33BF3B-7471-4293-9276-B73913B7F2F9}.Debug|Any CPU.ActiveCfg = Debug|Any CPU
		{1A33BF3B-7471-4293-9276-B73913B7F2F9}.Debug|Any CPU.Build.0 = Debug|Any CPU
		{1A33BF3B-7471-4293-9276-B73913B7F2F9}.Release|Any CPU.ActiveCfg = Release|Any CPU
		{1A33BF3B-7471-4293-9276-B73913B7F2F9}.Release|Any CPU.Build.0 = Release|Any CPU
		{E13FFD76-91BC-4385-BF5D-45789E68BAA8}.Debug|Any CPU.ActiveCfg = Debug|Any CPU
		{E13FFD76-91BC-4385-BF5D-45789E68BAA8}.Debug|Any CPU.Build.0 = Debug|Any CPU
		{E13FFD76-91BC-4385-BF5D-45789E68BAA8}.Release|Any CPU.ActiveCfg = Release|Any CPU
		{E13FFD76-91BC-4385-BF5D-45789E68BAA8}.Release|Any CPU.Build.0 = Release|Any CPU
		{4E66E46D-030D-4DBC-8BF1-4EEB5FF0C0A3}.Debug|Any CPU.ActiveCfg = Debug|Any CPU
		{4E66E46D-030D-4DBC-8BF1-4EEB5FF0C0A3}.Debug|Any CPU.Build.0 = Debug|Any CPU
		{4E66E46D-030D-4DBC-8BF1-4EEB5FF0C0A3}.Release|Any CPU.ActiveCfg = Release|Any CPU
		{4E66E46D-030D-4DBC-8BF1-4EEB5FF0C0A3}.Release|Any CPU.Build.0 = Release|Any CPU
	EndGlobalSection
	GlobalSection(SolutionProperties) = preSolution
		HideSolutionNode = FALSE
	EndGlobalSection
	GlobalSection(ExtensibilityGlobals) = postSolution
		SolutionGuid = {16F4F8E9-6551-4E57-845E-B98BF92DCF17}
	EndGlobalSection
EndGlobal
